
Microsoft Visual Studio Solution File, Format Version 12.00
# Visual Studio 2013
VisualStudioVersion = 12.0.30501.0
MinimumVisualStudioVersion = 10.0.40219.1
Project("{FAE04EC0-301F-11D3-BF4B-00C04F79EFBC}") = "PriceEvents", "..\PriceEvents\PriceEvents.csproj", "{56AFB36E-D157-4F97-A9AE-5AEE6FB702A8}"
EndProject
Project("{2150E333-8FDC-42A3-9474-1A3956D46DE8}") = ".nuget", ".nuget", "{7611B467-1838-4E0A-8433-D967E261D917}"
	ProjectSection(SolutionItems) = preProject
		.nuget\NuGet.Config = .nuget\NuGet.Config
		.nuget\NuGet.exe = .nuget\NuGet.exe
		.nuget\NuGet.targets = .nuget\NuGet.targets
	EndProjectSection
EndProject
Project("{2150E333-8FDC-42A3-9474-1A3956D46DE8}") = "Nuget", "Nuget", "{79C17B0B-2494-49D4-B25D-EAE10E3B1CFA}"
	ProjectSection(SolutionItems) = preProject
		..\Nuget\pack.bat = ..\Nuget\pack.bat
		..\Nuget\Package\PriceEvents.nuspec = ..\Nuget\Package\PriceEvents.nuspec
	EndProjectSection
EndProject
Global
	GlobalSection(SolutionConfigurationPlatforms) = preSolution
		Debug|Any CPU = Debug|Any CPU
		Release|Any CPU = Release|Any CPU
	EndGlobalSection
	GlobalSection(ProjectConfigurationPlatforms) = postSolution
		{56AFB36E-D157-4F97-A9AE-5AEE6FB702A8}.Debug|Any CPU.ActiveCfg = Debug|Any CPU
		{56AFB36E-D157-4F97-A9AE-5AEE6FB702A8}.Debug|Any CPU.Build.0 = Debug|Any CPU
		{56AFB36E-D157-4F97-A9AE-5AEE6FB702A8}.Release|Any CPU.ActiveCfg = Release|Any CPU
		{56AFB36E-D157-4F97-A9AE-5AEE6FB702A8}.Release|Any CPU.Build.0 = Release|Any CPU
	EndGlobalSection
	GlobalSection(SolutionProperties) = preSolution
		HideSolutionNode = FALSE
	EndGlobalSection
EndGlobal
